# This file was autogenerated by Stack.
# You should not edit this file by hand.
# For more information, please see the documentation at:
#   https://docs.haskellstack.org/en/stable/lock_files

packages:
- completed:
    hackage: HUnit-1.6.2.0@sha256:1a79174e8af616117ad39464cac9de205ca923da6582825e97c10786fda933a4,1588
    pantry-tree:
      sha256: 4f20a5a33866171260d0ee1e256c27f53cc84d37a68d498c3e12347f4e3d05b4
      size: 878
  original:
    hackage: HUnit-1.6.2.0
- completed:
    hackage: parsec-3.1.16.0@sha256:32aecd6f34ae08c1be99d9186a3b17a37e0aa52b9a431b3951422e6dddee0d4a,4691
    pantry-tree:
      sha256: c6bfaea0a6f5312ce69b3fc04402d4990d5d874ab9a08f7eb6cfc671644ab336
      size: 2698
  original:
    hackage: parsec-3.1.16.0
- completed:
    hackage: call-stack-0.4.0@sha256:ac44d2c00931dc20b01750da8c92ec443eb63a7231e8550188cb2ac2385f7feb,1200
    pantry-tree:
      sha256: 04134fa69cdd824b4e4bb7f77e7173e0705f27deabdbbf99549c549400191e1e
      size: 501
  original:
    hackage: call-stack-0.4.0
- completed:
    hackage: ansi-terminal-0.11.4@sha256:410737137c798e23339a08435a5511785ebf1db08700e37debbd7801cf73fc82,3584
    pantry-tree:
      sha256: 49bc6ef92292ee8b663a40cf5170af1efaaa4ed84155b65ad41eabf1faf9b18f
      size: 1462
  original:
    hackage: ansi-terminal-0.11.4
- completed:
    hackage: cmdargs-0.10.21@sha256:a347cf8a16af30b9d8378209de0d1b7ac2b7b39e3af5d384383d8ef82315b37f,4241
    pantry-tree:
      sha256: 97fc2d781012c77d60a239edb0b4fafdc680f7caa9aa123992bfd8bb4aeed276
      size: 3122
  original:
    hackage: cmdargs-0.10.21
- completed:
    hackage: extra-1.7.12@sha256:3ac58d7341976173d1052e7b2837d119212d9afcf911735667c7f1ab67aec25f,2661
    pantry-tree:
      sha256: e6e3f5329f3ac67cb13246c7e632670a0222e0bbaa4ca85542847730d0421b64
      size: 1896
  original:
    hackage: extra-1.7.12
- completed:
    hackage: fsnotify-0.4.1.0@sha256:44540beabea36aeeef930aa4d5f28091d431904bc9923b6ac4d358831c651235,2854
    pantry-tree:
      sha256: f8e89e81fe0ca6e285036e04b165119ccfc59e7e668c1bfc28927f39062c5949
      size: 1280
  original:
    hackage: fsnotify-0.4.1.0
- completed:
    hackage: terminal-size-0.3.3@sha256:bd5f02333982bc8d6017db257b2a0b91870a295b4a37142a0c0525d8f533a48f,1255
    pantry-tree:
      sha256: 2a9669ed392657d34ec2e180ddac68c9ef657e54bf4b5fbc9b9efaa7b1d341be
      size: 580
  original:
    hackage: terminal-size-0.3.3
- completed:
    hackage: async-2.2.4@sha256:2b9409023536823233ce3134558565d01b3382e651fa54ac8cb8a99967e023c9,3095
    pantry-tree:
      sha256: c0ae9bb497eb1ba805d811b2a77f058301b092c6a4a733673fda9d9a85e8ba05
      size: 501
  original:
    hackage: async-2.2.4@sha256:2b9409023536823233ce3134558565d01b3382e651fa54ac8cb8a99967e023c9,3095
- completed:
    hackage: clock-0.8.3@sha256:a692159828c2cd278eaec317b3a7e9fb6d7b787c8a19f086004d15d9fa1fd72c,4601
    pantry-tree:
      sha256: 3e62393d5c7671b21d8aa84ef9ee0550334053711c80b5beeca295466a6615c7
      size: 499
  original:
    hackage: clock-0.8.3@sha256:a692159828c2cd278eaec317b3a7e9fb6d7b787c8a19f086004d15d9fa1fd72c,4601
- completed:
    hackage: colour-2.3.6@sha256:ebdcbf15023958838a527e381ab3c3b1e99ed12d1b25efeb7feaa4ad8c37664a,2378
    pantry-tree:
      sha256: 03f8e22f364deb86098dbfbe0bf83c896437b2355f139abdac0402658fb6ac7e
      size: 1183
  original:
    hackage: colour-2.3.6@sha256:ebdcbf15023958838a527e381ab3c3b1e99ed12d1b25efeb7feaa4ad8c37664a,2378
- completed:
    hackage: hinotify-0.4.1@sha256:88b8934da67b526df25b1b00d57621ed0570989ad35e73b99883c80a6503990c,2716
    pantry-tree:
      sha256: 9ca65c2a2d49de2b616dd1b39d793076153e7768b2f9ab5590057870a200fce9
      size: 854
  original:
    hackage: hinotify-0.4.1@sha256:88b8934da67b526df25b1b00d57621ed0570989ad35e73b99883c80a6503990c,2716
- completed:
    hackage: monad-control-1.0.3.1@sha256:2d657279839e1a760c86a69f00f0c36473ef6972d413ec0f83a40249c70e098e,2365
    pantry-tree:
      sha256: f6b2e10b7ad03cbc2bd1df28543c9d514d54bd39833e318b48e5f0998d876df5
      size: 292
  original:
    hackage: monad-control-1.0.3.1@sha256:2d657279839e1a760c86a69f00f0c36473ef6972d413ec0f83a40249c70e098e,2365
- completed:
    hackage: safe-exceptions-0.1.7.3@sha256:6e9b1b233af80cc0aa17ea858d2641ba146fb11cbcc5970a52649e89d77282e2,1398
    pantry-tree:
      sha256: 41e57c663a86bd61931f3b9d221c2eca508b394bace069e096c32823e77286a3
      size: 510
  original:
    hackage: safe-exceptions-0.1.7.3@sha256:6e9b1b233af80cc0aa17ea858d2641ba146fb11cbcc5970a52649e89d77282e2,1398
- completed:
    hackage: unix-compat-0.6@sha256:0f5d0929d838077909d397c7c83b711b89db4ed3d4dafea46af19c04b389b53c,3583
    pantry-tree:
      sha256: bc337eeab490975780209a027265e4d0ca3babc708229dd119c91707f50fd1f3
      size: 1267
  original:
    hackage: unix-compat-0.6@sha256:0f5d0929d838077909d397c7c83b711b89db4ed3d4dafea46af19c04b389b53c,3583
- completed:
    hackage: hashable-1.4.2.0@sha256:02acedd7ac829b52756fe481a1d53294d8f5d42aaa56df560c62c6cec3587a14,4483
    pantry-tree:
      sha256: 6b315c3489f0d54b2db36720e2d53b15ab07d9a9c256c0fbc5ec529e2adbb8ba
      size: 1248
  original:
    hackage: hashable-1.4.2.0@sha256:02acedd7ac829b52756fe481a1d53294d8f5d42aaa56df560c62c6cec3587a14,4483
- completed:
    hackage: transformers-base-0.4.6@sha256:6f18f320e371c8954c4b6b211e2fdd5d15a6d6310bd605b9d640f47ede408961,1643
    pantry-tree:
      sha256: 6c2d24a9678865e2a5f4b6286cb17228673a6987fb546bf07b89ffbd19716ad2
      size: 275
  original:
    hackage: transformers-base-0.4.6@sha256:6f18f320e371c8954c4b6b211e2fdd5d15a6d6310bd605b9d640f47ede408961,1643
- completed:
    hackage: transformers-compat-0.7.2@sha256:044fb9955f63ee138fcebedfdcbe54afe741f2d5892a2d0bdf3a8052bd342643,5601
    pantry-tree:
      sha256: f49610c6a2faf82111e5d4222576f4afbcfa904bf56665232c5aa077dfc7578f
      size: 1724
  original:
    hackage: transformers-compat-0.7.2@sha256:044fb9955f63ee138fcebedfdcbe54afe741f2d5892a2d0bdf3a8052bd342643,5601
- completed:
    hackage: base-orphans-0.8.7@sha256:58d5514b688ec037f53b9d60097b9d87f6b3847da68f65124987d67222c3a334,3175
    pantry-tree:
      sha256: b2433cf19ebc5696130ecf39a3ed756cdb00fd508423643b0cdd6f125c9803da
      size: 1272
  original:
    hackage: base-orphans-0.8.7@sha256:58d5514b688ec037f53b9d60097b9d87f6b3847da68f65124987d67222c3a334,3175
- completed:
    hackage: containers-0.6.6@sha256:008d007dfff018954e05ecdb8d628d8e32531f7dc3c6bb7e9bd55118c1224514,2589
    pantry-tree:
      sha256: de48bcf6b468c4793bbdd22f969d940bfe74425c74654b0efbf0487792c239b5
      size: 2822
  original:
    hackage: containers-0.6.6
snapshots: []
